{
  "name": "packages",
  "lockfileVersion": 3,
  "requires": true,
  "packages": {
    "": {
      "dependencies": {
        "@uaw/workspec": "file:workspec"
      }
    },
    "node_modules/@uaw/workspec": {
      "resolved": "workspec",
      "link": true
    },
    "workspec": {
      "name": "@uaw/workspec",
      "version": "2.0.0",
      "license": "AGPL-3.0-or-later",
      "bin": {
        "workspec": "bin/workspec.js"
      },
      "engines": {
        "node": ">=18"
      }
    }
  }
}
